// !$*UTF8*$!
{
	archiveVersion = 1;
	classes = {
	};
	objectVersion = 77;
	objects = {

/* Begin PBXBuildFile section */
		78416EC62D86F49D00EE3E32 /* AppDelegate.swift in Sources */ = {isa = PBXBuildFile; fileRef = 78416EC52D86F49D00EE3E32 /* AppDelegate.swift */; };
		78416EC92D86F49D00EE3E32 /* Main.storyboard in Resources */ = {isa = PBXBuildFile; fileRef = 78416EC72D86F49D00EE3E32 /* Main.storyboard */; };
		78416EDB2D86F49D00EE3E32 /* Make LinkedIn Great Again Extension.appex in Embed Foundation Extensions */ = {isa = PBXBuildFile; fileRef = 78416EDA2D86F49D00EE3E32 /* Make LinkedIn Great Again Extension.appex */; settings = {ATTRIBUTES = (RemoveHeadersOnCopy, ); }; };
		78416EE22D86F49D00EE3E32 /* Main.html in Resources */ = {isa = PBXBuildFile; fileRef = 78416EA42D86F49C00EE3E32 /* Main.html */; };
		78416EE42D86F49D00EE3E32 /* Icon.png in Resources */ = {isa = PBXBuildFile; fileRef = 78416EA62D86F49C00EE3E32 /* Icon.png */; };
		78416EE62D86F49D00EE3E32 /* Style.css in Resources */ = {isa = PBXBuildFile; fileRef = 78416EA72D86F49C00EE3E32 /* Style.css */; };
		78416EE82D86F49D00EE3E32 /* Script.js in Resources */ = {isa = PBXBuildFile; fileRef = 78416EA82D86F49C00EE3E32 /* Script.js */; };
		78416EEA2D86F49D00EE3E32 /* ViewController.swift in Sources */ = {isa = PBXBuildFile; fileRef = 78416EA92D86F49C00EE3E32 /* ViewController.swift */; };
		78416EEC2D86F49D00EE3E32 /* Assets.xcassets in Resources */ = {isa = PBXBuildFile; fileRef = 78416EAA2D86F49D00EE3E32 /* Assets.xcassets */; };
		78416EEE2D86F49D00EE3E32 /* SafariWebExtensionHandler.swift in Sources */ = {isa = PBXBuildFile; fileRef = 78416EAC2D86F49D00EE3E32 /* SafariWebExtensionHandler.swift */; };
		78416F062D86F49D00EE3E32 /* index.html in Resources */ = {isa = PBXBuildFile; fileRef = 78416F002D86F49D00EE3E32 /* index.html */; };
		78416F072D86F49D00EE3E32 /* script.js in Resources */ = {isa = PBXBuildFile; fileRef = 78416F012D86F49D00EE3E32 /* script.js */; };
		78416F082D86F49D00EE3E32 /* style.css in Resources */ = {isa = PBXBuildFile; fileRef = 78416F022D86F49D00EE3E32 /* style.css */; };
		78416F092D86F49D00EE3E32 /* manifest.json in Resources */ = {isa = PBXBuildFile; fileRef = 78416F032D86F49D00EE3E32 /* manifest.json */; };
		78416F0A2D86F49D00EE3E32 /* content.js in Resources */ = {isa = PBXBuildFile; fileRef = 78416F042D86F49D00EE3E32 /* content.js */; };
		78416F0B2D86F49D00EE3E32 /* assets in Resources */ = {isa = PBXBuildFile; fileRef = 78416F052D86F49D00EE3E32 /* assets */; };
/* End PBXBuildFile section */

/* Begin PBXContainerItemProxy section */
		78416EDC2D86F49D00EE3E32 /* PBXContainerItemProxy */ = {
			isa = PBXContainerItemProxy;
			containerPortal = 78416E9E2D86F49C00EE3E32 /* Project object */;
			proxyType = 1;
			remoteGlobalIDString = 78416ED92D86F49D00EE3E32;
			remoteInfo = "Make LinkedIn Great Again Extension (macOS)";
		};
/* End PBXContainerItemProxy section */

/* Begin PBXCopyFilesBuildPhase section */
		78416EFB2D86F49D00EE3E32 /* Embed Foundation Extensions */ = {
			isa = PBXCopyFilesBuildPhase;
			buildActionMask = 2147483647;
			dstPath = "";
			dstSubfolderSpec = 13;
			files = (
				78416EDB2D86F49D00EE3E32 /* Make LinkedIn Great Again Extension.appex in Embed Foundation Extensions */,
			);
			name = "Embed Foundation Extensions";
			runOnlyForDeploymentPostprocessing = 0;
		};
/* End PBXCopyFilesBuildPhase section */

/* Begin PBXFileReference section */
		78416EA52D86F49C00EE3E32 /* Base */ = {isa = PBXFileReference; lastKnownFileType = text.html; name = Base; path = Base.lproj/Main.html; sourceTree = "<group>"; };
		78416EA62D86F49C00EE3E32 /* Icon.png */ = {isa = PBXFileReference; lastKnownFileType = image.png; path = Icon.png; sourceTree = "<group>"; };
		78416EA72D86F49C00EE3E32 /* Style.css */ = {isa = PBXFileReference; lastKnownFileType = text.css; path = Style.css; sourceTree = "<group>"; };
		78416EA82D86F49C00EE3E32 /* Script.js */ = {isa = PBXFileReference; lastKnownFileType = sourcecode.javascript; path = Script.js; sourceTree = "<group>"; };
		78416EA92D86F49C00EE3E32 /* ViewController.swift */ = {isa = PBXFileReference; lastKnownFileType = sourcecode.swift; path = ViewController.swift; sourceTree = "<group>"; };
		78416EAA2D86F49D00EE3E32 /* Assets.xcassets */ = {isa = PBXFileReference; lastKnownFileType = folder.assetcatalog; path = Assets.xcassets; sourceTree = "<group>"; };
		78416EAC2D86F49D00EE3E32 /* SafariWebExtensionHandler.swift */ = {isa = PBXFileReference; lastKnownFileType = sourcecode.swift; path = SafariWebExtensionHandler.swift; sourceTree = "<group>"; };
		78416EB42D86F49D00EE3E32 /* AppDelegate.swift */ = {isa = PBXFileReference; lastKnownFileType = sourcecode.swift; path = AppDelegate.swift; sourceTree = "<group>"; };
		78416EB62D86F49D00EE3E32 /* SceneDelegate.swift */ = {isa = PBXFileReference; lastKnownFileType = sourcecode.swift; path = SceneDelegate.swift; sourceTree = "<group>"; };
		78416EB92D86F49D00EE3E32 /* Base */ = {isa = PBXFileReference; lastKnownFileType = file.storyboard; name = Base; path = Base.lproj/LaunchScreen.storyboard; sourceTree = "<group>"; };
		78416EBC2D86F49D00EE3E32 /* Base */ = {isa = PBXFileReference; lastKnownFileType = file.storyboard; name = Base; path = Base.lproj/Main.storyboard; sourceTree = "<group>"; };
		78416EBE2D86F49D00EE3E32 /* Info.plist */ = {isa = PBXFileReference; lastKnownFileType = text.plist.xml; path = Info.plist; sourceTree = "<group>"; };
		78416EC32D86F49D00EE3E32 /* Make LinkedIn Great Again.app */ = {isa = PBXFileReference; explicitFileType = wrapper.application; includeInIndex = 0; path = "Make LinkedIn Great Again.app"; sourceTree = BUILT_PRODUCTS_DIR; };
		78416EC52D86F49D00EE3E32 /* AppDelegate.swift */ = {isa = PBXFileReference; lastKnownFileType = sourcecode.swift; path = AppDelegate.swift; sourceTree = "<group>"; };
		78416EC82D86F49D00EE3E32 /* Base */ = {isa = PBXFileReference; lastKnownFileType = file.storyboard; name = Base; path = Base.lproj/Main.storyboard; sourceTree = "<group>"; };
		78416ECA2D86F49D00EE3E32 /* Info.plist */ = {isa = PBXFileReference; lastKnownFileType = text.plist.xml; path = Info.plist; sourceTree = "<group>"; };
		78416ECB2D86F49D00EE3E32 /* Make LinkedIn Great Again.entitlements */ = {isa = PBXFileReference; lastKnownFileType = text.plist.entitlements; path = "Make LinkedIn Great Again.entitlements"; sourceTree = "<group>"; };
		78416ED52D86F49D00EE3E32 /* Info.plist */ = {isa = PBXFileReference; lastKnownFileType = text.plist.xml; path = Info.plist; sourceTree = "<group>"; };
		78416EDA2D86F49D00EE3E32 /* Make LinkedIn Great Again Extension.appex */ = {isa = PBXFileReference; explicitFileType = "wrapper.app-extension"; includeInIndex = 0; path = "Make LinkedIn Great Again Extension.appex"; sourceTree = BUILT_PRODUCTS_DIR; };
		78416EDF2D86F49D00EE3E32 /* Info.plist */ = {isa = PBXFileReference; lastKnownFileType = text.plist.xml; path = Info.plist; sourceTree = "<group>"; };
		78416EE02D86F49D00EE3E32 /* Make LinkedIn Great Again.entitlements */ = {isa = PBXFileReference; lastKnownFileType = text.plist.entitlements; path = "Make LinkedIn Great Again.entitlements"; sourceTree = "<group>"; };
		78416F002D86F49D00EE3E32 /* index.html */ = {isa = PBXFileReference; lastKnownFileType = text.html; name = index.html; path = ../../../dist/index.html; sourceTree = "<group>"; };
		78416F012D86F49D00EE3E32 /* script.js */ = {isa = PBXFileReference; lastKnownFileType = sourcecode.javascript; name = script.js; path = ../../../dist/script.js; sourceTree = "<group>"; };
		78416F022D86F49D00EE3E32 /* style.css */ = {isa = PBXFileReference; lastKnownFileType = text.css; name = style.css; path = ../../../dist/style.css; sourceTree = "<group>"; };
		78416F032D86F49D00EE3E32 /* manifest.json */ = {isa = PBXFileReference; lastKnownFileType = text.json; name = manifest.json; path = ../../../dist/manifest.json; sourceTree = "<group>"; };
		78416F042D86F49D00EE3E32 /* content.js */ = {isa = PBXFileReference; lastKnownFileType = sourcecode.javascript; name = content.js; path = ../../../dist/content.js; sourceTree = "<group>"; };
		78416F052D86F49D00EE3E32 /* assets */ = {isa = PBXFileReference; lastKnownFileType = folder; name = assets; path = ../../../dist/assets; sourceTree = "<group>"; };
/* End PBXFileReference section */

/* Begin PBXFrameworksBuildPhase section */
		78416EC02D86F49D00EE3E32 /* Frameworks */ = {
			isa = PBXFrameworksBuildPhase;
			buildActionMask = 2147483647;
			files = (
			);
			runOnlyForDeploymentPostprocessing = 0;
		};
		78416ED72D86F49D00EE3E32 /* Frameworks */ = {
			isa = PBXFrameworksBuildPhase;
			buildActionMask = 2147483647;
			files = (
			);
			runOnlyForDeploymentPostprocessing = 0;
		};
/* End PBXFrameworksBuildPhase section */

/* Begin PBXGroup section */
		78416E9D2D86F49C00EE3E32 = {
			isa = PBXGroup;
			children = (
				78416EA22D86F49C00EE3E32 /* Shared (App) */,
				78416EAB2D86F49D00EE3E32 /* Shared (Extension) */,
				78416EB32D86F49D00EE3E32 /* iOS (App) */,
				78416EC42D86F49D00EE3E32 /* macOS (App) */,
				78416ED42D86F49D00EE3E32 /* iOS (Extension) */,
				78416EDE2D86F49D00EE3E32 /* macOS (Extension) */,
				78416EB22D86F49D00EE3E32 /* Products */,
			);
			sourceTree = "<group>";
		};
		78416EA22D86F49C00EE3E32 /* Shared (App) */ = {
			isa = PBXGroup;
			children = (
				78416EA92D86F49C00EE3E32 /* ViewController.swift */,
				78416EAA2D86F49D00EE3E32 /* Assets.xcassets */,
				78416EA32D86F49C00EE3E32 /* Resources */,
			);
			path = "Shared (App)";
			sourceTree = "<group>";
		};
		78416EA32D86F49C00EE3E32 /* Resources */ = {
			isa = PBXGroup;
			children = (
				78416EA42D86F49C00EE3E32 /* Main.html */,
				78416EA62D86F49C00EE3E32 /* Icon.png */,
				78416EA72D86F49C00EE3E32 /* Style.css */,
				78416EA82D86F49C00EE3E32 /* Script.js */,
			);
			path = Resources;
			sourceTree = "<group>";
		};
		78416EAB2D86F49D00EE3E32 /* Shared (Extension) */ = {
			isa = PBXGroup;
			children = (
				78416EFF2D86F49D00EE3E32 /* Resources */,
				78416EAC2D86F49D00EE3E32 /* SafariWebExtensionHandler.swift */,
			);
			path = "Shared (Extension)";
			sourceTree = "<group>";
		};
		78416EB22D86F49D00EE3E32 /* Products */ = {
			isa = PBXGroup;
			children = (
				78416EC32D86F49D00EE3E32 /* Make LinkedIn Great Again.app */,
				78416EDA2D86F49D00EE3E32 /* Make LinkedIn Great Again Extension.appex */,
			);
			name = Products;
			sourceTree = "<group>";
		};
		78416EB32D86F49D00EE3E32 /* iOS (App) */ = {
			isa = PBXGroup;
			children = (
				78416EB42D86F49D00EE3E32 /* AppDelegate.swift */,
				78416EB62D86F49D00EE3E32 /* SceneDelegate.swift */,
				78416EB82D86F49D00EE3E32 /* LaunchScreen.storyboard */,
				78416EBB2D86F49D00EE3E32 /* Main.storyboard */,
				78416EBE2D86F49D00EE3E32 /* Info.plist */,
			);
			path = "iOS (App)";
			sourceTree = "<group>";
		};
		78416EC42D86F49D00EE3E32 /* macOS (App) */ = {
			isa = PBXGroup;
			children = (
				78416EC52D86F49D00EE3E32 /* AppDelegate.swift */,
				78416EC72D86F49D00EE3E32 /* Main.storyboard */,
				78416ECA2D86F49D00EE3E32 /* Info.plist */,
				78416ECB2D86F49D00EE3E32 /* Make LinkedIn Great Again.entitlements */,
			);
			path = "macOS (App)";
			sourceTree = "<group>";
		};
		78416ED42D86F49D00EE3E32 /* iOS (Extension) */ = {
			isa = PBXGroup;
			children = (
				78416ED52D86F49D00EE3E32 /* Info.plist */,
			);
			path = "iOS (Extension)";
			sourceTree = "<group>";
		};
		78416EDE2D86F49D00EE3E32 /* macOS (Extension) */ = {
			isa = PBXGroup;
			children = (
				78416EDF2D86F49D00EE3E32 /* Info.plist */,
				78416EE02D86F49D00EE3E32 /* Make LinkedIn Great Again.entitlements */,
			);
			path = "macOS (Extension)";
			sourceTree = "<group>";
		};
		78416EFF2D86F49D00EE3E32 /* Resources */ = {
			isa = PBXGroup;
			children = (
				78416F002D86F49D00EE3E32 /* index.html */,
				78416F012D86F49D00EE3E32 /* script.js */,
				78416F022D86F49D00EE3E32 /* style.css */,
				78416F032D86F49D00EE3E32 /* manifest.json */,
				78416F042D86F49D00EE3E32 /* content.js */,
				78416F052D86F49D00EE3E32 /* assets */,
			);
			name = Resources;
			path = "Shared (Extension)";
			sourceTree = SOURCE_ROOT;
		};
/* End PBXGroup section */

/* Begin PBXNativeTarget section */
		78416EC22D86F49D00EE3E32 /* Make LinkedIn Great Again (macOS) */ = {
			isa = PBXNativeTarget;
			buildConfigurationList = 78416EFC2D86F49D00EE3E32 /* Build configuration list for PBXNativeTarget "Make LinkedIn Great Again (macOS)" */;
			buildPhases = (
				78416EBF2D86F49D00EE3E32 /* Sources */,
				78416EC02D86F49D00EE3E32 /* Frameworks */,
				78416EC12D86F49D00EE3E32 /* Resources */,
				78416EFB2D86F49D00EE3E32 /* Embed Foundation Extensions */,
			);
			buildRules = (
			);
			dependencies = (
				78416EDD2D86F49D00EE3E32 /* PBXTargetDependency */,
			);
			name = "Make LinkedIn Great Again (macOS)";
			packageProductDependencies = (
			);
			productName = "Make LinkedIn Great Again (macOS)";
			productReference = 78416EC32D86F49D00EE3E32 /* Make LinkedIn Great Again.app */;
			productType = "com.apple.product-type.application";
		};
		78416ED92D86F49D00EE3E32 /* Make LinkedIn Great Again Extension (macOS) */ = {
			isa = PBXNativeTarget;
			buildConfigurationList = 78416EF82D86F49D00EE3E32 /* Build configuration list for PBXNativeTarget "Make LinkedIn Great Again Extension (macOS)" */;
			buildPhases = (
				78416ED62D86F49D00EE3E32 /* Sources */,
				78416ED72D86F49D00EE3E32 /* Frameworks */,
				78416ED82D86F49D00EE3E32 /* Resources */,
			);
			buildRules = (
			);
			dependencies = (
			);
			name = "Make LinkedIn Great Again Extension (macOS)";
			packageProductDependencies = (
			);
			productName = "Make LinkedIn Great Again Extension (macOS)";
			productReference = 78416EDA2D86F49D00EE3E32 /* Make LinkedIn Great Again Extension.appex */;
			productType = "com.apple.product-type.app-extension";
		};
/* End PBXNativeTarget section */

/* Begin PBXProject section */
		78416E9E2D86F49C00EE3E32 /* Project object */ = {
			isa = PBXProject;
			attributes = {
				BuildIndependentTargetsInParallel = 1;
				LastSwiftUpdateCheck = 1600;
				LastUpgradeCheck = 1600;
				TargetAttributes = {
					78416EC22D86F49D00EE3E32 = {
						CreatedOnToolsVersion = 16.0;
					};
					78416ED92D86F49D00EE3E32 = {
						CreatedOnToolsVersion = 16.0;
					};
				};
			};
			buildConfigurationList = 78416EA12D86F49C00EE3E32 /* Build configuration list for PBXProject "Make LinkedIn Great Again" */;
			developmentRegion = en;
			hasScannedForEncodings = 0;
			knownRegions = (
				en,
				Base,
			);
			mainGroup = 78416E9D2D86F49C00EE3E32;
			minimizedProjectReferenceProxies = 1;
			preferredProjectObjectVersion = 77;
			productRefGroup = 78416EB22D86F49D00EE3E32 /* Products */;
			projectDirPath = "";
			projectRoot = "";
			targets = (
				78416EC22D86F49D00EE3E32 /* Make LinkedIn Great Again (macOS) */,
				78416ED92D86F49D00EE3E32 /* Make LinkedIn Great Again Extension (macOS) */,
			);
		};
/* End PBXProject section */

/* Begin PBXResourcesBuildPhase section */
		78416EC12D86F49D00EE3E32 /* Resources */ = {
			isa = PBXResourcesBuildPhase;
			buildActionMask = 2147483647;
			files = (
				78416EE42D86F49D00EE3E32 /* Icon.png in Resources */,
				78416EE62D86F49D00EE3E32 /* Style.css in Resources */,
				78416EC92D86F49D00EE3E32 /* Main.storyboard in Resources */,
				78416EE82D86F49D00EE3E32 /* Script.js in Resources */,
				78416EEC2D86F49D00EE3E32 /* Assets.xcassets in Resources */,
				78416EE22D86F49D00EE3E32 /* Main.html in Resources */,
			);
			runOnlyForDeploymentPostprocessing = 0;
		};
		78416ED82D86F49D00EE3E32 /* Resources */ = {
			isa = PBXResourcesBuildPhase;
			buildActionMask = 2147483647;
			files = (
				78416F092D86F49D00EE3E32 /* manifest.json in Resources */,
				78416F062D86F49D00EE3E32 /* index.html in Resources */,
				78416F082D86F49D00EE3E32 /* style.css in Resources */,
				78416F0B2D86F49D00EE3E32 /* assets in Resources */,
				78416F072D86F49D00EE3E32 /* script.js in Resources */,
				78416F0A2D86F49D00EE3E32 /* content.js in Resources */,
			);
			runOnlyForDeploymentPostprocessing = 0;
		};
/* End PBXResourcesBuildPhase section */

/* Begin PBXSourcesBuildPhase section */
		78416EBF2D86F49D00EE3E32 /* Sources */ = {
			isa = PBXSourcesBuildPhase;
			buildActionMask = 2147483647;
			files = (
				78416EEA2D86F49D00EE3E32 /* ViewController.swift in Sources */,
				78416EC62D86F49D00EE3E32 /* AppDelegate.swift in Sources */,
			);
			runOnlyForDeploymentPostprocessing = 0;
		};
		78416ED62D86F49D00EE3E32 /* Sources */ = {
			isa = PBXSourcesBuildPhase;
			buildActionMask = 2147483647;
			files = (
				78416EEE2D86F49D00EE3E32 /* SafariWebExtensionHandler.swift in Sources */,
			);
			runOnlyForDeploymentPostprocessing = 0;
		};
/* End PBXSourcesBuildPhase section */

/* Begin PBXTargetDependency section */
		78416EDD2D86F49D00EE3E32 /* PBXTargetDependency */ = {
			isa = PBXTargetDependency;
			target = 78416ED92D86F49D00EE3E32 /* Make LinkedIn Great Again Extension (macOS) */;
			targetProxy = 78416EDC2D86F49D00EE3E32 /* PBXContainerItemProxy */;
		};
/* End PBXTargetDependency section */

/* Begin PBXVariantGroup section */
		78416EA42D86F49C00EE3E32 /* Main.html */ = {
			isa = PBXVariantGroup;
			children = (
				78416EA52D86F49C00EE3E32 /* Base */,
			);
			name = Main.html;
			sourceTree = "<group>";
		};
		78416EB82D86F49D00EE3E32 /* LaunchScreen.storyboard */ = {
			isa = PBXVariantGroup;
			children = (
				78416EB92D86F49D00EE3E32 /* Base */,
			);
			name = LaunchScreen.storyboard;
			sourceTree = "<group>";
		};
		78416EBB2D86F49D00EE3E32 /* Main.storyboard */ = {
			isa = PBXVariantGroup;
			children = (
				78416EBC2D86F49D00EE3E32 /* Base */,
			);
			name = Main.storyboard;
			sourceTree = "<group>";
		};
		78416EC72D86F49D00EE3E32 /* Main.storyboard */ = {
			isa = PBXVariantGroup;
			children = (
				78416EC82D86F49D00EE3E32 /* Base */,
			);
			name = Main.storyboard;
			sourceTree = "<group>";
		};
/* End PBXVariantGroup section */

/* Begin XCBuildConfiguration section */
		78416EEF2D86F49D00EE3E32 /* Debug */ = {
			isa = XCBuildConfiguration;
			buildSettings = {
				ALWAYS_SEARCH_USER_PATHS = NO;
				ASSETCATALOG_COMPILER_GENERATE_SWIFT_ASSET_SYMBOL_EXTENSIONS = YES;
				CLANG_ANALYZER_NONNULL = YES;
				CLANG_ANALYZER_NUMBER_OBJECT_CONVERSION = YES_AGGRESSIVE;
				CLANG_CXX_LANGUAGE_STANDARD = "gnu++20";
				CLANG_ENABLE_MODULES = YES;
				CLANG_ENABLE_OBJC_ARC = YES;
				CLANG_ENABLE_OBJC_WEAK = YES;
				CLANG_WARN_BLOCK_CAPTURE_AUTORELEASING = YES;
				CLANG_WARN_BOOL_CONVERSION = YES;
				CLANG_WARN_COMMA = YES;
				CLANG_WARN_CONSTANT_CONVERSION = YES;
				CLANG_WARN_DEPRECATED_OBJC_IMPLEMENTATIONS = YES;
				CLANG_WARN_DIRECT_OBJC_ISA_USAGE = YES_ERROR;
				CLANG_WARN_DOCUMENTATION_COMMENTS = YES;
				CLANG_WARN_EMPTY_BODY = YES;
				CLANG_WARN_ENUM_CONVERSION = YES;
				CLANG_WARN_INFINITE_RECURSION = YES;
				CLANG_WARN_INT_CONVERSION = YES;
				CLANG_WARN_NON_LITERAL_NULL_CONVERSION = YES;
				CLANG_WARN_OBJC_IMPLICIT_RETAIN_SELF = YES;
				CLANG_WARN_OBJC_LITERAL_CONVERSION = YES;
				CLANG_WARN_OBJC_ROOT_CLASS = YES_ERROR;
				CLANG_WARN_QUOTED_INCLUDE_IN_FRAMEWORK_HEADER = YES;
				CLANG_WARN_RANGE_LOOP_ANALYSIS = YES;
				CLANG_WARN_STRICT_PROTOTYPES = YES;
				CLANG_WARN_SUSPICIOUS_MOVE = YES;
				CLANG_WARN_UNGUARDED_AVAILABILITY = YES_AGGRESSIVE;
				CLANG_WARN_UNREACHABLE_CODE = YES;
				CLANG_WARN__DUPLICATE_METHOD_MATCH = YES;
				COPY_PHASE_STRIP = NO;
				DEBUG_INFORMATION_FORMAT = dwarf;
				ENABLE_STRICT_OBJC_MSGSEND = YES;
				ENABLE_TESTABILITY = YES;
				ENABLE_USER_SCRIPT_SANDBOXING = YES;
				GCC_C_LANGUAGE_STANDARD = gnu17;
				GCC_DYNAMIC_NO_PIC = NO;
				GCC_NO_COMMON_BLOCKS = YES;
				GCC_OPTIMIZATION_LEVEL = 0;
				GCC_PREPROCESSOR_DEFINITIONS = (
					"DEBUG=1",
					"$(inherited)",
				);
				GCC_WARN_64_TO_32_BIT_CONVERSION = YES;
				GCC_WARN_ABOUT_RETURN_TYPE = YES_ERROR;
				GCC_WARN_UNDECLARED_SELECTOR = YES;
				GCC_WARN_UNINITIALIZED_AUTOS = YES_AGGRESSIVE;
				GCC_WARN_UNUSED_FUNCTION = YES;
				GCC_WARN_UNUSED_VARIABLE = YES;
				LOCALIZATION_PREFERS_STRING_CATALOGS = YES;
				MTL_ENABLE_DEBUG_INFO = INCLUDE_SOURCE;
				MTL_FAST_MATH = YES;
				ONLY_ACTIVE_ARCH = YES;
				SWIFT_ACTIVE_COMPILATION_CONDITIONS = "DEBUG $(inherited)";
				SWIFT_OPTIMIZATION_LEVEL = "-Onone";
			};
			name = Debug;
		};
		78416EF02D86F49D00EE3E32 /* Release */ = {
			isa = XCBuildConfiguration;
			buildSettings = {
				ALWAYS_SEARCH_USER_PATHS = NO;
				ASSETCATALOG_COMPILER_GENERATE_SWIFT_ASSET_SYMBOL_EXTENSIONS = YES;
				CLANG_ANALYZER_NONNULL = YES;
				CLANG_ANALYZER_NUMBER_OBJECT_CONVERSION = YES_AGGRESSIVE;
				CLANG_CXX_LANGUAGE_STANDARD = "gnu++20";
				CLANG_ENABLE_MODULES = YES;
				CLANG_ENABLE_OBJC_ARC = YES;
				CLANG_ENABLE_OBJC_WEAK = YES;
				CLANG_WARN_BLOCK_CAPTURE_AUTORELEASING = YES;
				CLANG_WARN_BOOL_CONVERSION = YES;
				CLANG_WARN_COMMA = YES;
				CLANG_WARN_CONSTANT_CONVERSION = YES;
				CLANG_WARN_DEPRECATED_OBJC_IMPLEMENTATIONS = YES;
				CLANG_WARN_DIRECT_OBJC_ISA_USAGE = YES_ERROR;
				CLANG_WARN_DOCUMENTATION_COMMENTS = YES;
				CLANG_WARN_EMPTY_BODY = YES;
				CLANG_WARN_ENUM_CONVERSION = YES;
				CLANG_WARN_INFINITE_RECURSION = YES;
				CLANG_WARN_INT_CONVERSION = YES;
				CLANG_WARN_NON_LITERAL_NULL_CONVERSION = YES;
				CLANG_WARN_OBJC_IMPLICIT_RETAIN_SELF = YES;
				CLANG_WARN_OBJC_LITERAL_CONVERSION = YES;
				CLANG_WARN_OBJC_ROOT_CLASS = YES_ERROR;
				CLANG_WARN_QUOTED_INCLUDE_IN_FRAMEWORK_HEADER = YES;
				CLANG_WARN_RANGE_LOOP_ANALYSIS = YES;
				CLANG_WARN_STRICT_PROTOTYPES = YES;
				CLANG_WARN_SUSPICIOUS_MOVE = YES;
				CLANG_WARN_UNGUARDED_AVAILABILITY = YES_AGGRESSIVE;
				CLANG_WARN_UNREACHABLE_CODE = YES;
				CLANG_WARN__DUPLICATE_METHOD_MATCH = YES;
				COPY_PHASE_STRIP = NO;
				DEBUG_INFORMATION_FORMAT = "dwarf-with-dsym";
				ENABLE_NS_ASSERTIONS = NO;
				ENABLE_STRICT_OBJC_MSGSEND = YES;
				ENABLE_USER_SCRIPT_SANDBOXING = YES;
				GCC_C_LANGUAGE_STANDARD = gnu17;
				GCC_NO_COMMON_BLOCKS = YES;
				GCC_WARN_64_TO_32_BIT_CONVERSION = YES;
				GCC_WARN_ABOUT_RETURN_TYPE = YES_ERROR;
				GCC_WARN_UNDECLARED_SELECTOR = YES;
				GCC_WARN_UNINITIALIZED_AUTOS = YES_AGGRESSIVE;
				GCC_WARN_UNUSED_FUNCTION = YES;
				GCC_WARN_UNUSED_VARIABLE = YES;
				LOCALIZATION_PREFERS_STRING_CATALOGS = YES;
				MTL_ENABLE_DEBUG_INFO = NO;
				MTL_FAST_MATH = YES;
				SWIFT_COMPILATION_MODE = wholemodule;
			};
			name = Release;
		};
		78416EF92D86F49D00EE3E32 /* Debug */ = {
			isa = XCBuildConfiguration;
			buildSettings = {
				CODE_SIGN_ENTITLEMENTS = "macOS (Extension)/Make LinkedIn Great Again.entitlements";
				CODE_SIGN_STYLE = Automatic;
				CURRENT_PROJECT_VERSION = 2;
				DEVELOPMENT_TEAM = 5YGF2ZCSP3;
				ENABLE_HARDENED_RUNTIME = YES;
				GENERATE_INFOPLIST_FILE = YES;
				INFOPLIST_FILE = "macOS (Extension)/Info.plist";
				INFOPLIST_KEY_CFBundleDisplayName = "Make LinkedIn Great Again Extension";
				INFOPLIST_KEY_NSHumanReadableCopyright = "";
				LD_RUNPATH_SEARCH_PATHS = (
					"$(inherited)",
					"@executable_path/../Frameworks",
					"@executable_path/../../../../Frameworks",
				);
				MACOSX_DEPLOYMENT_TARGET = 10.14;
				MARKETING_VERSION = 1.2.0;
				OTHER_LDFLAGS = (
					"-framework",
					SafariServices,
				);
				PRODUCT_BUNDLE_IDENTIFIER = robinmanuelthiel.makelinkedingreatagain.Extension;
				PRODUCT_NAME = "Make LinkedIn Great Again Extension";
				SDKROOT = macosx;
				SKIP_INSTALL = YES;
				SWIFT_EMIT_LOC_STRINGS = YES;
				SWIFT_VERSION = 5.0;
			};
			name = Debug;
		};
		78416EFA2D86F49D00EE3E32 /* Release */ = {
			isa = XCBuildConfiguration;
			buildSettings = {
				CODE_SIGN_ENTITLEMENTS = "macOS (Extension)/Make LinkedIn Great Again.entitlements";
				CODE_SIGN_STYLE = Automatic;
				CURRENT_PROJECT_VERSION = 2;
				DEVELOPMENT_TEAM = 5YGF2ZCSP3;
				ENABLE_HARDENED_RUNTIME = YES;
				GENERATE_INFOPLIST_FILE = YES;
				INFOPLIST_FILE = "macOS (Extension)/Info.plist";
				INFOPLIST_KEY_CFBundleDisplayName = "Make LinkedIn Great Again Extension";
				INFOPLIST_KEY_NSHumanReadableCopyright = "";
				LD_RUNPATH_SEARCH_PATHS = (
					"$(inherited)",
					"@executable_path/../Frameworks",
					"@executable_path/../../../../Frameworks",
				);
				MACOSX_DEPLOYMENT_TARGET = 10.14;
				MARKETING_VERSION = 1.2.0;
				OTHER_LDFLAGS = (
					"-framework",
					SafariServices,
				);
				PRODUCT_BUNDLE_IDENTIFIER = robinmanuelthiel.makelinkedingreatagain.Extension;
				PRODUCT_NAME = "Make LinkedIn Great Again Extension";
				SDKROOT = macosx;
				SKIP_INSTALL = YES;
				SWIFT_EMIT_LOC_STRINGS = YES;
				SWIFT_VERSION = 5.0;
			};
			name = Release;
		};
		78416EFD2D86F49D00EE3E32 /* Debug */ = {
			isa = XCBuildConfiguration;
			buildSettings = {
				ASSETCATALOG_COMPILER_APPICON_NAME = AppIcon;
				ASSETCATALOG_COMPILER_GLOBAL_ACCENT_COLOR_NAME = AccentColor;
				CODE_SIGN_ENTITLEMENTS = "macOS (App)/Make LinkedIn Great Again.entitlements";
				CODE_SIGN_STYLE = Automatic;
				CURRENT_PROJECT_VERSION = 2;
				DEVELOPMENT_TEAM = 5YGF2ZCSP3;
				ENABLE_HARDENED_RUNTIME = YES;
				GENERATE_INFOPLIST_FILE = YES;
				INFOPLIST_FILE = "macOS (App)/Info.plist";
				INFOPLIST_KEY_CFBundleDisplayName = "Make LinkedIn Great Again";
				INFOPLIST_KEY_LSApplicationCategoryType = "public.app-category.social-networking";
				INFOPLIST_KEY_NSMainStoryboardFile = Main;
				INFOPLIST_KEY_NSPrincipalClass = NSApplication;
				LD_RUNPATH_SEARCH_PATHS = (
					"$(inherited)",
					"@executable_path/../Frameworks",
				);
				MACOSX_DEPLOYMENT_TARGET = 10.14;
				MARKETING_VERSION = 1.2.0;
				OTHER_LDFLAGS = (
					"-framework",
					SafariServices,
					"-framework",
					WebKit,
				);
				PRODUCT_BUNDLE_IDENTIFIER = robinmanuelthiel.makelinkedingreatagain;
				PRODUCT_NAME = "Make LinkedIn Great Again";
				SDKROOT = macosx;
				SWIFT_EMIT_LOC_STRINGS = YES;
				SWIFT_VERSION = 5.0;
			};
			name = Debug;
		};
		78416EFE2D86F49D00EE3E32 /* Release */ = {
			isa = XCBuildConfiguration;
			buildSettings = {
				ASSETCATALOG_COMPILER_APPICON_NAME = AppIcon;
				ASSETCATALOG_COMPILER_GLOBAL_ACCENT_COLOR_NAME = AccentColor;
				CODE_SIGN_ENTITLEMENTS = "macOS (App)/Make LinkedIn Great Again.entitlements";
				CODE_SIGN_STYLE = Automatic;
				CURRENT_PROJECT_VERSION = 2;
				DEVELOPMENT_TEAM = 5YGF2ZCSP3;
				ENABLE_HARDENED_RUNTIME = YES;
				GENERATE_INFOPLIST_FILE = YES;
				INFOPLIST_FILE = "macOS (App)/Info.plist";
				INFOPLIST_KEY_CFBundleDisplayName = "Make LinkedIn Great Again";
				INFOPLIST_KEY_LSApplicationCategoryType = "public.app-category.social-networking";
				INFOPLIST_KEY_NSMainStoryboardFile = Main;
				INFOPLIST_KEY_NSPrincipalClass = NSApplication;
				LD_RUNPATH_SEARCH_PATHS = (
					"$(inherited)",
					"@executable_path/../Frameworks",
				);
				MACOSX_DEPLOYMENT_TARGET = 10.14;
				MARKETING_VERSION = 1.2.0;
				OTHER_LDFLAGS = (
					"-framework",
					SafariServices,
					"-framework",
					WebKit,
				);
				PRODUCT_BUNDLE_IDENTIFIER = robinmanuelthiel.makelinkedingreatagain;
				PRODUCT_NAME = "Make LinkedIn Great Again";
				SDKROOT = macosx;
				SWIFT_EMIT_LOC_STRINGS = YES;
				SWIFT_VERSION = 5.0;
			};
			name = Release;
		};
/* End XCBuildConfiguration section */

/* Begin XCConfigurationList section */
		78416EA12D86F49C00EE3E32 /* Build configuration list for PBXProject "Make LinkedIn Great Again" */ = {
			isa = XCConfigurationList;
			buildConfigurations = (
				78416EEF2D86F49D00EE3E32 /* Debug */,
				78416EF02D86F49D00EE3E32 /* Release */,
			);
			defaultConfigurationIsVisible = 0;
			defaultConfigurationName = Release;
		};
		78416EF82D86F49D00EE3E32 /* Build configuration list for PBXNativeTarget "Make LinkedIn Great Again Extension (macOS)" */ = {
			isa = XCConfigurationList;
			buildConfigurations = (
				78416EF92D86F49D00EE3E32 /* Debug */,
				78416EFA2D86F49D00EE3E32 /* Release */,
			);
			defaultConfigurationIsVisible = 0;
			defaultConfigurationName = Release;
		};
		78416EFC2D86F49D00EE3E32 /* Build configuration list for PBXNativeTarget "Make LinkedIn Great Again (macOS)" */ = {
			isa = XCConfigurationList;
			buildConfigurations = (
				78416EFD2D86F49D00EE3E32 /* Debug */,
				78416EFE2D86F49D00EE3E32 /* Release */,
			);
			defaultConfigurationIsVisible = 0;
			defaultConfigurationName = Release;
		};
/* End XCConfigurationList section */
	};
	rootObject = 78416E9E2D86F49C00EE3E32 /* Project object */;
}
